
Microsoft Visual Studio Solution File, Format Version 12.00
# Visual Studio 2012
Project("{FAE04EC0-301F-11D3-BF4B-00C04F79EFBC}") = "TalesOfVesperiaUtils", "TalesOfVesperiaUtils\TalesOfVesperiaUtils.csproj", "{26B46DD3-FF59-4701-BC09-1E793D05DBEE}"
EndProject
Project("{2150E333-8FDC-42A3-9474-1A3956D46DE8}") = "Solution Items", "Solution Items", "{5794FCD4-2FE8-46B9-AE62-A5E4E7F6B4BE}"
	ProjectSection(SolutionItems) = preProject
		Local.testsettings = Local.testsettings
		TalesOfVesperiaUtils.vsmdi = TalesOfVesperiaUtils.vsmdi
		TraceAndTestImpact.testsettings = TraceAndTestImpact.testsettings
	EndProjectSection
EndProject
Project("{FAE04EC0-301F-11D3-BF4B-00C04F79EFBC}") = "TalesOfVesperiaTranslationEngine", "TalesOfVesperiaTranslationEngine\TalesOfVesperiaTranslationEngine.csproj", "{4B155ADE-E14A-402D-89CB-2D4A85944BF3}"
EndProject
Project("{FAE04EC0-301F-11D3-BF4B-00C04F79EFBC}") = "TalesOfVesperiaSpike", "TalesOfVesperiaSpike\TalesOfVesperiaSpike.csproj", "{009AA81F-F97E-4593-A607-617F20D95C35}"
EndProject
Project("{FAE04EC0-301F-11D3-BF4B-00C04F79EFBC}") = "CSharpUtils", "..\LibsExternal\CSharpUtils\CSharpUtils\CSharpUtils\CSharpUtils.csproj", "{746FADF2-D613-4FFD-8551-2181ADAE3CD1}"
EndProject
Project("{FAE04EC0-301F-11D3-BF4B-00C04F79EFBC}") = "CSharpUtils.Drawing", "..\LibsExternal\CSharpUtils\CSharpUtils\CSharpUtils.Drawing\CSharpUtils.Drawing.csproj", "{9B217880-48AE-43B6-AE1F-DC732FCCBC7A}"
EndProject
Project("{FAE04EC0-301F-11D3-BF4B-00C04F79EFBC}") = "CSharpUtils.Ext", "..\LibsExternal\CSharpUtils\CSharpUtils\CSharpUtils.Ext\CSharpUtils.Ext.csproj", "{C017FBBE-EF10-4030-A69E-204E766C8F9D}"
EndProject
Project("{FAE04EC0-301F-11D3-BF4B-00C04F79EFBC}") = "TalesOfVesperiaFrontend", "TalesOfVesperiaFrontend\TalesOfVesperiaFrontend.csproj", "{39D22442-0112-4487-900F-6A8984D8B5C7}"
EndProject
Project("{2150E333-8FDC-42A3-9474-1A3956D46DE8}") = "Libs", "Libs", "{259FAD47-32ED-41AE-B01C-3A008A1FCD36}"
EndProject
Project("{2150E333-8FDC-42A3-9474-1A3956D46DE8}") = "Frontends", "Frontends", "{B4CD6A57-E20A-4E6A-AE35-746EC03F8E43}"
EndProject
Project("{2150E333-8FDC-42A3-9474-1A3956D46DE8}") = "Tests", "Tests", "{DACB216B-BD31-4290-B01F-7C301949AB1E}"
EndProject
Project("{FAE04EC0-301F-11D3-BF4B-00C04F79EFBC}") = "Tests.CSharpUtils.Ext", "..\LibsExternal\CSharpUtils\CSharpUtils\Tests.CSharpUtils.Ext\Tests.CSharpUtils.Ext.csproj", "{BE842BA8-54EF-4EF6-943D-667B2AA7D731}"
EndProject
Project("{FAE04EC0-301F-11D3-BF4B-00C04F79EFBC}") = "Tests.CSharpUtils.Drawing", "..\LibsExternal\CSharpUtils\CSharpUtils\Tests.CSharpUtils.Drawing\Tests.CSharpUtils.Drawing.csproj", "{3DF178F4-4F8E-493B-BD93-75B4C6E4660B}"
EndProject
Project("{FAE04EC0-301F-11D3-BF4B-00C04F79EFBC}") = "Tests.CSharpUtils", "..\LibsExternal\CSharpUtils\CSharpUtils\CSharpUtilsTests\Tests.CSharpUtils.csproj", "{1ED2F70F-882E-4E15-8604-AFA2E00F3A17}"
EndProject
Project("{FAE04EC0-301F-11D3-BF4B-00C04F79EFBC}") = "Tests.TalesOfVesperiaUtils", "Tests.TalesOfVesperiaUtils\Tests.TalesOfVesperiaUtils.csproj", "{4B9F7A26-0681-4A28-B5B5-DF41D2466B98}"
EndProject
Project("{FAE04EC0-301F-11D3-BF4B-00C04F79EFBC}") = "Tests.TalesOfVesperiaTranslationEngine", "Tests.TalesOfVesperiaTranslationEngine\Tests.TalesOfVesperiaTranslationEngine.csproj", "{619EB3AA-D266-45B9-A876-0C96A780C02E}"
EndProject
Project("{FAE04EC0-301F-11D3-BF4B-00C04F79EFBC}") = "Svo", "Svo\Svo.csproj", "{EC469174-69AE-400B-8BCB-3365B8C81667}"
EndProject
Project("{FAE04EC0-301F-11D3-BF4B-00C04F79EFBC}") = "Txm", "Txm\Txm.csproj", "{8A87AE45-80C0-4B60-A352-1422D8DE66F2}"
EndProject
Project("{FAE04EC0-301F-11D3-BF4B-00C04F79EFBC}") = "CSharpUtils.Vfs", "..\LibsExternal\CSharpUtils\CSharpUtils\CSharpUtils.Vfs\CSharpUtils.Vfs.csproj", "{49F6B357-35AE-498A-9E5A-67AA62A327C6}"
EndProject
Project("{FAE04EC0-301F-11D3-BF4B-00C04F79EFBC}") = "Tests.CSharpUtils.Vfs", "..\LibsExternal\CSharpUtils\CSharpUtils\Tests.CSharpUtils.Vfs\Tests.CSharpUtils.Vfs.csproj", "{6B08F2EC-28FF-4444-BC3E-7B3CD18DE593}"
EndProject
Project("{FAE04EC0-301F-11D3-BF4B-00C04F79EFBC}") = "CompTov", "CompTov\CompTov.csproj", "{AF2903E9-8282-4121-B7FD-3F37F2C50A1C}"
EndProject
Project("{FAE04EC0-301F-11D3-BF4B-00C04F79EFBC}") = "TalesOfVesperiaFrontendWPF", "TalesOfVesperiaFrontendWPF\TalesOfVesperiaFrontendWPF.csproj", "{F152F23B-CF41-442D-B79C-8DD055D0DE86}"
EndProject
Project("{FAE04EC0-301F-11D3-BF4B-00C04F79EFBC}") = "TovExpander", "TovExpander\TovExpander.csproj", "{AFAB9B58-A10C-40F4-B9CD-77816C329331}"
EndProject
Project("{FAE04EC0-301F-11D3-BF4B-00C04F79EFBC}") = "Iso360Extract", "Iso360Extract\Iso360Extract.csproj", "{6E13BFAE-7BB2-4695-BC19-10D79542B218}"
EndProject
Global
	GlobalSection(TestCaseManagementSettings) = postSolution
		CategoryFile = TalesOfVesperiaUtils.vsmdi
	EndGlobalSection
	GlobalSection(SolutionConfigurationPlatforms) = preSolution
		Debug|Any CPU = Debug|Any CPU
		Debug|Mixed Platforms = Debug|Mixed Platforms
		Debug|Win32 = Debug|Win32
		Debug|x86 = Debug|x86
		Release|Any CPU = Release|Any CPU
		Release|Mixed Platforms = Release|Mixed Platforms
		Release|Win32 = Release|Win32
		Release|x86 = Release|x86
		Trace|Any CPU = Trace|Any CPU
		Trace|Mixed Platforms = Trace|Mixed Platforms
		Trace|Win32 = Trace|Win32
		Trace|x86 = Trace|x86
	EndGlobalSection
	GlobalSection(ProjectConfigurationPlatforms) = postSolution
		{26B46DD3-FF59-4701-BC09-1E793D05DBEE}.Debug|Any CPU.ActiveCfg = Debug|Any CPU
		{26B46DD3-FF59-4701-BC09-1E793D05DBEE}.Debug|Any CPU.Build.0 = Debug|Any CPU
		{26B46DD3-FF59-4701-BC09-1E793D05DBEE}.Debug|Mixed Platforms.ActiveCfg = Debug|Any CPU
		{26B46DD3-FF59-4701-BC09-1E793D05DBEE}.Debug|Mixed Platforms.Build.0 = Debug|Any CPU
		{26B46DD3-FF59-4701-BC09-1E793D05DBEE}.Debug|Win32.ActiveCfg = Debug|Any CPU
		{26B46DD3-FF59-4701-BC09-1E793D05DBEE}.Debug|x86.ActiveCfg = Debug|Any CPU
		{26B46DD3-FF59-4701-BC09-1E793D05DBEE}.Release|Any CPU.ActiveCfg = Release|Any CPU
		{26B46DD3-FF59-4701-BC09-1E793D05DBEE}.Release|Any CPU.Build.0 = Release|Any CPU
		{26B46DD3-FF59-4701-BC09-1E793D05DBEE}.Release|Mixed Platforms.ActiveCfg = Release|Any CPU
		{26B46DD3-FF59-4701-BC09-1E793D05DBEE}.Release|Mixed Platforms.Build.0 = Release|Any CPU
		{26B46DD3-FF59-4701-BC09-1E793D05DBEE}.Release|Win32.ActiveCfg = Release|Any CPU
		{26B46DD3-FF59-4701-BC09-1E793D05DBEE}.Release|x86.ActiveCfg = Release|Any CPU
		{26B46DD3-FF59-4701-BC09-1E793D05DBEE}.Trace|Any CPU.ActiveCfg = Release|Any CPU
		{26B46DD3-FF59-4701-BC09-1E793D05DBEE}.Trace|Any CPU.Build.0 = Release|Any CPU
		{26B46DD3-FF59-4701-BC09-1E793D05DBEE}.Trace|Mixed Platforms.ActiveCfg = Release|Any CPU
		{26B46DD3-FF59-4701-BC09-1E793D05DBEE}.Trace|Mixed Platforms.Build.0 = Release|Any CPU
		{26B46DD3-FF59-4701-BC09-1E793D05DBEE}.Trace|Win32.ActiveCfg = Release|Any CPU
		{26B46DD3-FF59-4701-BC09-1E793D05DBEE}.Trace|x86.ActiveCfg = Release|Any CPU
		{4B155ADE-E14A-402D-89CB-2D4A85944BF3}.Debug|Any CPU.ActiveCfg = Debug|Any CPU
		{4B155ADE-E14A-402D-89CB-2D4A85944BF3}.Debug|Any CPU.Build.0 = Debug|Any CPU
		{4B155ADE-E14A-402D-89CB-2D4A85944BF3}.Debug|Mixed Platforms.ActiveCfg = Debug|Any CPU
		{4B155ADE-E14A-402D-89CB-2D4A85944BF3}.Debug|Mixed Platforms.Build.0 = Debug|Any CPU
		{4B155ADE-E14A-402D-89CB-2D4A85944BF3}.Debug|Win32.ActiveCfg = Debug|Any CPU
		{4B155ADE-E14A-402D-89CB-2D4A85944BF3}.Debug|x86.ActiveCfg = Debug|Any CPU
		{4B155ADE-E14A-402D-89CB-2D4A85944BF3}.Release|Any CPU.ActiveCfg = Release|Any CPU
		{4B155ADE-E14A-402D-89CB-2D4A85944BF3}.Release|Any CPU.Build.0 = Release|Any CPU
		{4B155ADE-E14A-402D-89CB-2D4A85944BF3}.Release|Mixed Platforms.ActiveCfg = Release|Any CPU
		{4B155ADE-E14A-402D-89CB-2D4A85944BF3}.Release|Mixed Platforms.Build.0 = Release|Any CPU
		{4B155ADE-E14A-402D-89CB-2D4A85944BF3}.Release|Win32.ActiveCfg = Release|Any CPU
		{4B155ADE-E14A-402D-89CB-2D4A85944BF3}.Release|x86.ActiveCfg = Release|Any CPU
		{4B155ADE-E14A-402D-89CB-2D4A85944BF3}.Trace|Any CPU.ActiveCfg = Release|Any CPU
		{4B155ADE-E14A-402D-89CB-2D4A85944BF3}.Trace|Any CPU.Build.0 = Release|Any CPU
		{4B155ADE-E14A-402D-89CB-2D4A85944BF3}.Trace|Mixed Platforms.ActiveCfg = Release|Any CPU
		{4B155ADE-E14A-402D-89CB-2D4A85944BF3}.Trace|Mixed Platforms.Build.0 = Release|Any CPU
		{4B155ADE-E14A-402D-89CB-2D4A85944BF3}.Trace|Win32.ActiveCfg = Release|Any CPU
		{4B155ADE-E14A-402D-89CB-2D4A85944BF3}.Trace|x86.ActiveCfg = Release|Any CPU
		{009AA81F-F97E-4593-A607-617F20D95C35}.Debug|Any CPU.ActiveCfg = Debug|x86
		{009AA81F-F97E-4593-A607-617F20D95C35}.Debug|Mixed Platforms.ActiveCfg = Debug|x86
		{009AA81F-F97E-4593-A607-617F20D95C35}.Debug|Mixed Platforms.Build.0 = Debug|x86
		{009AA81F-F97E-4593-A607-617F20D95C35}.Debug|Win32.ActiveCfg = Debug|x86
		{009AA81F-F97E-4593-A607-617F20D95C35}.Debug|x86.ActiveCfg = Debug|x86
		{009AA81F-F97E-4593-A607-617F20D95C35}.Debug|x86.Build.0 = Debug|x86
		{009AA81F-F97E-4593-A607-617F20D95C35}.Release|Any CPU.ActiveCfg = Release|x86
		{009AA81F-F97E-4593-A607-617F20D95C35}.Release|Mixed Platforms.ActiveCfg = Release|x86
		{009AA81F-F97E-4593-A607-617F20D95C35}.Release|Mixed Platforms.Build.0 = Release|x86
		{009AA81F-F97E-4593-A607-617F20D95C35}.Release|Win32.ActiveCfg = Release|x86
		{009AA81F-F97E-4593-A607-617F20D95C35}.Release|x86.ActiveCfg = Release|x86
		{009AA81F-F97E-4593-A607-617F20D95C35}.Release|x86.Build.0 = Release|x86
		{009AA81F-F97E-4593-A607-617F20D95C35}.Trace|Any CPU.ActiveCfg = Release|x86
		{009AA81F-F97E-4593-A607-617F20D95C35}.Trace|Mixed Platforms.ActiveCfg = Release|x86
		{009AA81F-F97E-4593-A607-617F20D95C35}.Trace|Mixed Platforms.Build.0 = Release|x86
		{009AA81F-F97E-4593-A607-617F20D95C35}.Trace|Win32.ActiveCfg = Release|x86
		{009AA81F-F97E-4593-A607-617F20D95C35}.Trace|x86.ActiveCfg = Release|x86
		{009AA81F-F97E-4593-A607-617F20D95C35}.Trace|x86.Build.0 = Release|x86
		{746FADF2-D613-4FFD-8551-2181ADAE3CD1}.Debug|Any CPU.ActiveCfg = Debug|Any CPU
		{746FADF2-D613-4FFD-8551-2181ADAE3CD1}.Debug|Any CPU.Build.0 = Debug|Any CPU
		{746FADF2-D613-4FFD-8551-2181ADAE3CD1}.Debug|Mixed Platforms.ActiveCfg = Debug|Any CPU
		{746FADF2-D613-4FFD-8551-2181ADAE3CD1}.Debug|Mixed Platforms.Build.0 = Debug|Any CPU
		{746FADF2-D613-4FFD-8551-2181ADAE3CD1}.Debug|Win32.ActiveCfg = Debug|Any CPU
		{746FADF2-D613-4FFD-8551-2181ADAE3CD1}.Debug|x86.ActiveCfg = Debug|Any CPU
		{746FADF2-D613-4FFD-8551-2181ADAE3CD1}.Release|Any CPU.ActiveCfg = Release|Any CPU
		{746FADF2-D613-4FFD-8551-2181ADAE3CD1}.Release|Any CPU.Build.0 = Release|Any CPU
		{746FADF2-D613-4FFD-8551-2181ADAE3CD1}.Release|Mixed Platforms.ActiveCfg = Release|Any CPU
		{746FADF2-D613-4FFD-8551-2181ADAE3CD1}.Release|Mixed Platforms.Build.0 = Release|Any CPU
		{746FADF2-D613-4FFD-8551-2181ADAE3CD1}.Release|Win32.ActiveCfg = Release|Any CPU
		{746FADF2-D613-4FFD-8551-2181ADAE3CD1}.Release|x86.ActiveCfg = Release|Any CPU
		{746FADF2-D613-4FFD-8551-2181ADAE3CD1}.Trace|Any CPU.ActiveCfg = Trace|Any CPU
		{746FADF2-D613-4FFD-8551-2181ADAE3CD1}.Trace|Any CPU.Build.0 = Trace|Any CPU
		{746FADF2-D613-4FFD-8551-2181ADAE3CD1}.Trace|Mixed Platforms.ActiveCfg = Trace|Any CPU
		{746FADF2-D613-4FFD-8551-2181ADAE3CD1}.Trace|Mixed Platforms.Build.0 = Trace|Any CPU
		{746FADF2-D613-4FFD-8551-2181ADAE3CD1}.Trace|Win32.ActiveCfg = Trace|Any CPU
		{746FADF2-D613-4FFD-8551-2181ADAE3CD1}.Trace|x86.ActiveCfg = Trace|Any CPU
		{9B217880-48AE-43B6-AE1F-DC732FCCBC7A}.Debug|Any CPU.ActiveCfg = Debug|Any CPU
		{9B217880-48AE-43B6-AE1F-DC732FCCBC7A}.Debug|Any CPU.Build.0 = Debug|Any CPU
		{9B217880-48AE-43B6-AE1F-DC732FCCBC7A}.Debug|Mixed Platforms.ActiveCfg = Debug|Any CPU
		{9B217880-48AE-43B6-AE1F-DC732FCCBC7A}.Debug|Mixed Platforms.Build.0 = Debug|Any CPU
		{9B217880-48AE-43B6-AE1F-DC732FCCBC7A}.Debug|Win32.ActiveCfg = Debug|Any CPU
		{9B217880-48AE-43B6-AE1F-DC732FCCBC7A}.Debug|x86.ActiveCfg = Debug|Any CPU
		{9B217880-48AE-43B6-AE1F-DC732FCCBC7A}.Release|Any CPU.ActiveCfg = Release|Any CPU
		{9B217880-48AE-43B6-AE1F-DC732FCCBC7A}.Release|Any CPU.Build.0 = Release|Any CPU
		{9B217880-48AE-43B6-AE1F-DC732FCCBC7A}.Release|Mixed Platforms.ActiveCfg = Release|Any CPU
		{9B217880-48AE-43B6-AE1F-DC732FCCBC7A}.Release|Mixed Platforms.Build.0 = Release|Any CPU
		{9B217880-48AE-43B6-AE1F-DC732FCCBC7A}.Release|Win32.ActiveCfg = Release|Any CPU
		{9B217880-48AE-43B6-AE1F-DC732FCCBC7A}.Release|x86.ActiveCfg = Release|Any CPU
		{9B217880-48AE-43B6-AE1F-DC732FCCBC7A}.Trace|Any CPU.ActiveCfg = Trace|Any CPU
		{9B217880-48AE-43B6-AE1F-DC732FCCBC7A}.Trace|Any CPU.Build.0 = Trace|Any CPU
		{9B217880-48AE-43B6-AE1F-DC732FCCBC7A}.Trace|Mixed Platforms.ActiveCfg = Trace|Any CPU
		{9B217880-48AE-43B6-AE1F-DC732FCCBC7A}.Trace|Mixed Platforms.Build.0 = Trace|Any CPU
		{9B217880-48AE-43B6-AE1F-DC732FCCBC7A}.Trace|Win32.ActiveCfg = Trace|Any CPU
		{9B217880-48AE-43B6-AE1F-DC732FCCBC7A}.Trace|x86.ActiveCfg = Trace|Any CPU
		{C017FBBE-EF10-4030-A69E-204E766C8F9D}.Debug|Any CPU.ActiveCfg = Debug|Any CPU
		{C017FBBE-EF10-4030-A69E-204E766C8F9D}.Debug|Any CPU.Build.0 = Debug|Any CPU
		{C017FBBE-EF10-4030-A69E-204E766C8F9D}.Debug|Mixed Platforms.ActiveCfg = Debug|Any CPU
		{C017FBBE-EF10-4030-A69E-204E766C8F9D}.Debug|Mixed Platforms.Build.0 = Debug|Any CPU
		{C017FBBE-EF10-4030-A69E-204E766C8F9D}.Debug|Win32.ActiveCfg = Debug|Any CPU
		{C017FBBE-EF10-4030-A69E-204E766C8F9D}.Debug|x86.ActiveCfg = Debug|Any CPU
		{C017FBBE-EF10-4030-A69E-204E766C8F9D}.Release|Any CPU.ActiveCfg = Release|Any CPU
		{C017FBBE-EF10-4030-A69E-204E766C8F9D}.Release|Any CPU.Build.0 = Release|Any CPU
		{C017FBBE-EF10-4030-A69E-204E766C8F9D}.Release|Mixed Platforms.ActiveCfg = Release|Any CPU
		{C017FBBE-EF10-4030-A69E-204E766C8F9D}.Release|Mixed Platforms.Build.0 = Release|Any CPU
		{C017FBBE-EF10-4030-A69E-204E766C8F9D}.Release|Win32.ActiveCfg = Release|Any CPU
		{C017FBBE-EF10-4030-A69E-204E766C8F9D}.Release|x86.ActiveCfg = Release|Any CPU
		{C017FBBE-EF10-4030-A69E-204E766C8F9D}.Trace|Any CPU.ActiveCfg = Trace|Any CPU
		{C017FBBE-EF10-4030-A69E-204E766C8F9D}.Trace|Any CPU.Build.0 = Trace|Any CPU
		{C017FBBE-EF10-4030-A69E-204E766C8F9D}.Trace|Mixed Platforms.ActiveCfg = Trace|Any CPU
		{C017FBBE-EF10-4030-A69E-204E766C8F9D}.Trace|Mixed Platforms.Build.0 = Trace|Any CPU
		{C017FBBE-EF10-4030-A69E-204E766C8F9D}.Trace|Win32.ActiveCfg = Trace|Any CPU
		{C017FBBE-EF10-4030-A69E-204E766C8F9D}.Trace|x86.ActiveCfg = Trace|Any CPU
		{39D22442-0112-4487-900F-6A8984D8B5C7}.Debug|Any CPU.ActiveCfg = Debug|x86
		{39D22442-0112-4487-900F-6A8984D8B5C7}.Debug|Mixed Platforms.ActiveCfg = Debug|x86
		{39D22442-0112-4487-900F-6A8984D8B5C7}.Debug|Mixed Platforms.Build.0 = Debug|x86
		{39D22442-0112-4487-900F-6A8984D8B5C7}.Debug|Win32.ActiveCfg = Debug|x86
		{39D22442-0112-4487-900F-6A8984D8B5C7}.Debug|x86.ActiveCfg = Debug|x86
		{39D22442-0112-4487-900F-6A8984D8B5C7}.Debug|x86.Build.0 = Debug|x86
		{39D22442-0112-4487-900F-6A8984D8B5C7}.Release|Any CPU.ActiveCfg = Release|x86
		{39D22442-0112-4487-900F-6A8984D8B5C7}.Release|Mixed Platforms.ActiveCfg = Release|x86
		{39D22442-0112-4487-900F-6A8984D8B5C7}.Release|Mixed Platforms.Build.0 = Release|x86
		{39D22442-0112-4487-900F-6A8984D8B5C7}.Release|Win32.ActiveCfg = Release|x86
		{39D22442-0112-4487-900F-6A8984D8B5C7}.Release|x86.ActiveCfg = Release|x86
		{39D22442-0112-4487-900F-6A8984D8B5C7}.Release|x86.Build.0 = Release|x86
		{39D22442-0112-4487-900F-6A8984D8B5C7}.Trace|Any CPU.ActiveCfg = Release|x86
		{39D22442-0112-4487-900F-6A8984D8B5C7}.Trace|Mixed Platforms.ActiveCfg = Release|x86
		{39D22442-0112-4487-900F-6A8984D8B5C7}.Trace|Mixed Platforms.Build.0 = Release|x86
		{39D22442-0112-4487-900F-6A8984D8B5C7}.Trace|Win32.ActiveCfg = Release|x86
		{39D22442-0112-4487-900F-6A8984D8B5C7}.Trace|x86.ActiveCfg = Release|x86
		{39D22442-0112-4487-900F-6A8984D8B5C7}.Trace|x86.Build.0 = Release|x86
		{BE842BA8-54EF-4EF6-943D-667B2AA7D731}.Debug|Any CPU.ActiveCfg = Debug|Any CPU
		{BE842BA8-54EF-4EF6-943D-667B2AA7D731}.Debug|Any CPU.Build.0 = Debug|Any CPU
		{BE842BA8-54EF-4EF6-943D-667B2AA7D731}.Debug|Mixed Platforms.ActiveCfg = Debug|Any CPU
		{BE842BA8-54EF-4EF6-943D-667B2AA7D731}.Debug|Mixed Platforms.Build.0 = Debug|Any CPU
		{BE842BA8-54EF-4EF6-943D-667B2AA7D731}.Debug|Win32.ActiveCfg = Debug|Any CPU
		{BE842BA8-54EF-4EF6-943D-667B2AA7D731}.Debug|x86.ActiveCfg = Debug|Any CPU
		{BE842BA8-54EF-4EF6-943D-667B2AA7D731}.Release|Any CPU.ActiveCfg = Release|Any CPU
		{BE842BA8-54EF-4EF6-943D-667B2AA7D731}.Release|Any CPU.Build.0 = Release|Any CPU
		{BE842BA8-54EF-4EF6-943D-667B2AA7D731}.Release|Mixed Platforms.ActiveCfg = Release|Any CPU
		{BE842BA8-54EF-4EF6-943D-667B2AA7D731}.Release|Mixed Platforms.Build.0 = Release|Any CPU
		{BE842BA8-54EF-4EF6-943D-667B2AA7D731}.Release|Win32.ActiveCfg = Release|Any CPU
		{BE842BA8-54EF-4EF6-943D-667B2AA7D731}.Release|x86.ActiveCfg = Release|Any CPU
		{BE842BA8-54EF-4EF6-943D-667B2AA7D731}.Trace|Any CPU.ActiveCfg = Release|Any CPU
		{BE842BA8-54EF-4EF6-943D-667B2AA7D731}.Trace|Any CPU.Build.0 = Release|Any CPU
		{BE842BA8-54EF-4EF6-943D-667B2AA7D731}.Trace|Mixed Platforms.ActiveCfg = Release|Any CPU
		{BE842BA8-54EF-4EF6-943D-667B2AA7D731}.Trace|Mixed Platforms.Build.0 = Release|Any CPU
		{BE842BA8-54EF-4EF6-943D-667B2AA7D731}.Trace|Win32.ActiveCfg = Release|Any CPU
		{BE842BA8-54EF-4EF6-943D-667B2AA7D731}.Trace|x86.ActiveCfg = Release|Any CPU
		{3DF178F4-4F8E-493B-BD93-75B4C6E4660B}.Debug|Any CPU.ActiveCfg = Debug|Any CPU
		{3DF178F4-4F8E-493B-BD93-75B4C6E4660B}.Debug|Any CPU.Build.0 = Debug|Any CPU
		{3DF178F4-4F8E-493B-BD93-75B4C6E4660B}.Debug|Mixed Platforms.ActiveCfg = Debug|Any CPU
		{3DF178F4-4F8E-493B-BD93-75B4C6E4660B}.Debug|Mixed Platforms.Build.0 = Debug|Any CPU
		{3DF178F4-4F8E-493B-BD93-75B4C6E4660B}.Debug|Win32.ActiveCfg = Debug|Any CPU
		{3DF178F4-4F8E-493B-BD93-75B4C6E4660B}.Debug|x86.ActiveCfg = Debug|Any CPU
		{3DF178F4-4F8E-493B-BD93-75B4C6E4660B}.Release|Any CPU.ActiveCfg = Release|Any CPU
		{3DF178F4-4F8E-493B-BD93-75B4C6E4660B}.Release|Any CPU.Build.0 = Release|Any CPU
		{3DF178F4-4F8E-493B-BD93-75B4C6E4660B}.Release|Mixed Platforms.ActiveCfg = Release|Any CPU
		{3DF178F4-4F8E-493B-BD93-75B4C6E4660B}.Release|Mixed Platforms.Build.0 = Release|Any CPU
		{3DF178F4-4F8E-493B-BD93-75B4C6E4660B}.Release|Win32.ActiveCfg = Release|Any CPU
		{3DF178F4-4F8E-493B-BD93-75B4C6E4660B}.Release|x86.ActiveCfg = Release|Any CPU
		{3DF178F4-4F8E-493B-BD93-75B4C6E4660B}.Trace|Any CPU.ActiveCfg = Release|Any CPU
		{3DF178F4-4F8E-493B-BD93-75B4C6E4660B}.Trace|Any CPU.Build.0 = Release|Any CPU
		{3DF178F4-4F8E-493B-BD93-75B4C6E4660B}.Trace|Mixed Platforms.ActiveCfg = Release|Any CPU
		{3DF178F4-4F8E-493B-BD93-75B4C6E4660B}.Trace|Mixed Platforms.Build.0 = Release|Any CPU
		{3DF178F4-4F8E-493B-BD93-75B4C6E4660B}.Trace|Win32.ActiveCfg = Release|Any CPU
		{3DF178F4-4F8E-493B-BD93-75B4C6E4660B}.Trace|x86.ActiveCfg = Release|Any CPU
		{1ED2F70F-882E-4E15-8604-AFA2E00F3A17}.Debug|Any CPU.ActiveCfg = Debug|Any CPU
		{1ED2F70F-882E-4E15-8604-AFA2E00F3A17}.Debug|Any CPU.Build.0 = Debug|Any CPU
		{1ED2F70F-882E-4E15-8604-AFA2E00F3A17}.Debug|Mixed Platforms.ActiveCfg = Debug|Any CPU
		{1ED2F70F-882E-4E15-8604-AFA2E00F3A17}.Debug|Mixed Platforms.Build.0 = Debug|Any CPU
		{1ED2F70F-882E-4E15-8604-AFA2E00F3A17}.Debug|Win32.ActiveCfg = Debug|Any CPU
		{1ED2F70F-882E-4E15-8604-AFA2E00F3A17}.Debug|x86.ActiveCfg = Debug|Any CPU
		{1ED2F70F-882E-4E15-8604-AFA2E00F3A17}.Release|Any CPU.ActiveCfg = Release|Any CPU
		{1ED2F70F-882E-4E15-8604-AFA2E00F3A17}.Release|Any CPU.Build.0 = Release|Any CPU
		{1ED2F70F-882E-4E15-8604-AFA2E00F3A17}.Release|Mixed Platforms.ActiveCfg = Release|Any CPU
		{1ED2F70F-882E-4E15-8604-AFA2E00F3A17}.Release|Mixed Platforms.Build.0 = Release|Any CPU
		{1ED2F70F-882E-4E15-8604-AFA2E00F3A17}.Release|Win32.ActiveCfg = Release|Any CPU
		{1ED2F70F-882E-4E15-8604-AFA2E00F3A17}.Release|x86.ActiveCfg = Release|Any CPU
		{1ED2F70F-882E-4E15-8604-AFA2E00F3A17}.Trace|Any CPU.ActiveCfg = Release|Any CPU
		{1ED2F70F-882E-4E15-8604-AFA2E00F3A17}.Trace|Any CPU.Build.0 = Release|Any CPU
		{1ED2F70F-882E-4E15-8604-AFA2E00F3A17}.Trace|Mixed Platforms.ActiveCfg = Release|Any CPU
		{1ED2F70F-882E-4E15-8604-AFA2E00F3A17}.Trace|Mixed Platforms.Build.0 = Release|Any CPU
		{1ED2F70F-882E-4E15-8604-AFA2E00F3A17}.Trace|Win32.ActiveCfg = Release|Any CPU
		{1ED2F70F-882E-4E15-8604-AFA2E00F3A17}.Trace|x86.ActiveCfg = Release|Any CPU
		{4B9F7A26-0681-4A28-B5B5-DF41D2466B98}.Debug|Any CPU.ActiveCfg = Debug|Any CPU
		{4B9F7A26-0681-4A28-B5B5-DF41D2466B98}.Debug|Any CPU.Build.0 = Debug|Any CPU
		{4B9F7A26-0681-4A28-B5B5-DF41D2466B98}.Debug|Mixed Platforms.ActiveCfg = Debug|Any CPU
		{4B9F7A26-0681-4A28-B5B5-DF41D2466B98}.Debug|Mixed Platforms.Build.0 = Debug|Any CPU
		{4B9F7A26-0681-4A28-B5B5-DF41D2466B98}.Debug|Win32.ActiveCfg = Debug|Any CPU
		{4B9F7A26-0681-4A28-B5B5-DF41D2466B98}.Debug|x86.ActiveCfg = Debug|Any CPU
		{4B9F7A26-0681-4A28-B5B5-DF41D2466B98}.Release|Any CPU.ActiveCfg = Release|Any CPU
		{4B9F7A26-0681-4A28-B5B5-DF41D2466B98}.Release|Any CPU.Build.0 = Release|Any CPU
		{4B9F7A26-0681-4A28-B5B5-DF41D2466B98}.Release|Mixed Platforms.ActiveCfg = Release|Any CPU
		{4B9F7A26-0681-4A28-B5B5-DF41D2466B98}.Release|Mixed Platforms.Build.0 = Release|Any CPU
		{4B9F7A26-0681-4A28-B5B5-DF41D2466B98}.Release|Win32.ActiveCfg = Release|Any CPU
		{4B9F7A26-0681-4A28-B5B5-DF41D2466B98}.Release|x86.ActiveCfg = Release|Any CPU
		{4B9F7A26-0681-4A28-B5B5-DF41D2466B98}.Trace|Any CPU.ActiveCfg = Release|Any CPU
		{4B9F7A26-0681-4A28-B5B5-DF41D2466B98}.Trace|Any CPU.Build.0 = Release|Any CPU
		{4B9F7A26-0681-4A28-B5B5-DF41D2466B98}.Trace|Mixed Platforms.ActiveCfg = Release|Any CPU
		{4B9F7A26-0681-4A28-B5B5-DF41D2466B98}.Trace|Mixed Platforms.Build.0 = Release|Any CPU
		{4B9F7A26-0681-4A28-B5B5-DF41D2466B98}.Trace|Win32.ActiveCfg = Release|Any CPU
		{4B9F7A26-0681-4A28-B5B5-DF41D2466B98}.Trace|x86.ActiveCfg = Release|Any CPU
		{619EB3AA-D266-45B9-A876-0C96A780C02E}.Debug|Any CPU.ActiveCfg = Debug|Any CPU
		{619EB3AA-D266-45B9-A876-0C96A780C02E}.Debug|Any CPU.Build.0 = Debug|Any CPU
		{619EB3AA-D266-45B9-A876-0C96A780C02E}.Debug|Mixed Platforms.ActiveCfg = Debug|Any CPU
		{619EB3AA-D266-45B9-A876-0C96A780C02E}.Debug|Mixed Platforms.Build.0 = Debug|Any CPU
		{619EB3AA-D266-45B9-A876-0C96A780C02E}.Debug|Win32.ActiveCfg = Debug|Any CPU
		{619EB3AA-D266-45B9-A876-0C96A780C02E}.Debug|x86.ActiveCfg = Debug|Any CPU
		{619EB3AA-D266-45B9-A876-0C96A780C02E}.Release|Any CPU.ActiveCfg = Release|Any CPU
		{619EB3AA-D266-45B9-A876-0C96A780C02E}.Release|Any CPU.Build.0 = Release|Any CPU
		{619EB3AA-D266-45B9-A876-0C96A780C02E}.Release|Mixed Platforms.ActiveCfg = Release|Any CPU
		{619EB3AA-D266-45B9-A876-0C96A780C02E}.Release|Mixed Platforms.Build.0 = Release|Any CPU
		{619EB3AA-D266-45B9-A876-0C96A780C02E}.Release|Win32.ActiveCfg = Release|Any CPU
		{619EB3AA-D266-45B9-A876-0C96A780C02E}.Release|x86.ActiveCfg = Release|Any CPU
		{619EB3AA-D266-45B9-A876-0C96A780C02E}.Trace|Any CPU.ActiveCfg = Release|Any CPU
		{619EB3AA-D266-45B9-A876-0C96A780C02E}.Trace|Any CPU.Build.0 = Release|Any CPU
		{619EB3AA-D266-45B9-A876-0C96A780C02E}.Trace|Mixed Platforms.ActiveCfg = Release|Any CPU
		{619EB3AA-D266-45B9-A876-0C96A780C02E}.Trace|Mixed Platforms.Build.0 = Release|Any CPU
		{619EB3AA-D266-45B9-A876-0C96A780C02E}.Trace|Win32.ActiveCfg = Release|Any CPU
		{619EB3AA-D266-45B9-A876-0C96A780C02E}.Trace|x86.ActiveCfg = Release|Any CPU
		{EC469174-69AE-400B-8BCB-3365B8C81667}.Debug|Any CPU.ActiveCfg = Debug|Any CPU
		{EC469174-69AE-400B-8BCB-3365B8C81667}.Debug|Any CPU.Build.0 = Debug|Any CPU
		{EC469174-69AE-400B-8BCB-3365B8C81667}.Debug|Mixed Platforms.ActiveCfg = Debug|Any CPU
		{EC469174-69AE-400B-8BCB-3365B8C81667}.Debug|Mixed Platforms.Build.0 = Debug|Any CPU
		{EC469174-69AE-400B-8BCB-3365B8C81667}.Debug|Win32.ActiveCfg = Debug|Any CPU
		{EC469174-69AE-400B-8BCB-3365B8C81667}.Debug|x86.ActiveCfg = Debug|Any CPU
		{EC469174-69AE-400B-8BCB-3365B8C81667}.Release|Any CPU.ActiveCfg = Release|Any CPU
		{EC469174-69AE-400B-8BCB-3365B8C81667}.Release|Any CPU.Build.0 = Release|Any CPU
		{EC469174-69AE-400B-8BCB-3365B8C81667}.Release|Mixed Platforms.ActiveCfg = Release|Any CPU
		{EC469174-69AE-400B-8BCB-3365B8C81667}.Release|Mixed Platforms.Build.0 = Release|Any CPU
		{EC469174-69AE-400B-8BCB-3365B8C81667}.Release|Win32.ActiveCfg = Release|Any CPU
		{EC469174-69AE-400B-8BCB-3365B8C81667}.Release|x86.ActiveCfg = Release|Any CPU
		{EC469174-69AE-400B-8BCB-3365B8C81667}.Trace|Any CPU.ActiveCfg = Release|Any CPU
		{EC469174-69AE-400B-8BCB-3365B8C81667}.Trace|Any CPU.Build.0 = Release|Any CPU
		{EC469174-69AE-400B-8BCB-3365B8C81667}.Trace|Mixed Platforms.ActiveCfg = Release|Any CPU
		{EC469174-69AE-400B-8BCB-3365B8C81667}.Trace|Mixed Platforms.Build.0 = Release|Any CPU
		{EC469174-69AE-400B-8BCB-3365B8C81667}.Trace|Win32.ActiveCfg = Release|Any CPU
		{EC469174-69AE-400B-8BCB-3365B8C81667}.Trace|x86.ActiveCfg = Release|Any CPU
		{8A87AE45-80C0-4B60-A352-1422D8DE66F2}.Debug|Any CPU.ActiveCfg = Debug|Any CPU
		{8A87AE45-80C0-4B60-A352-1422D8DE66F2}.Debug|Any CPU.Build.0 = Debug|Any CPU
		{8A87AE45-80C0-4B60-A352-1422D8DE66F2}.Debug|Mixed Platforms.ActiveCfg = Debug|Any CPU
		{8A87AE45-80C0-4B60-A352-1422D8DE66F2}.Debug|Mixed Platforms.Build.0 = Debug|Any CPU
		{8A87AE45-80C0-4B60-A352-1422D8DE66F2}.Debug|Win32.ActiveCfg = Debug|Any CPU
		{8A87AE45-80C0-4B60-A352-1422D8DE66F2}.Debug|x86.ActiveCfg = Debug|Any CPU
		{8A87AE45-80C0-4B60-A352-1422D8DE66F2}.Release|Any CPU.ActiveCfg = Release|Any CPU
		{8A87AE45-80C0-4B60-A352-1422D8DE66F2}.Release|Any CPU.Build.0 = Release|Any CPU
		{8A87AE45-80C0-4B60-A352-1422D8DE66F2}.Release|Mixed Platforms.ActiveCfg = Release|Any CPU
		{8A87AE45-80C0-4B60-A352-1422D8DE66F2}.Release|Mixed Platforms.Build.0 = Release|Any CPU
		{8A87AE45-80C0-4B60-A352-1422D8DE66F2}.Release|Win32.ActiveCfg = Release|Any CPU
		{8A87AE45-80C0-4B60-A352-1422D8DE66F2}.Release|x86.ActiveCfg = Release|Any CPU
		{8A87AE45-80C0-4B60-A352-1422D8DE66F2}.Trace|Any CPU.ActiveCfg = Release|Any CPU
		{8A87AE45-80C0-4B60-A352-1422D8DE66F2}.Trace|Any CPU.Build.0 = Release|Any CPU
		{8A87AE45-80C0-4B60-A352-1422D8DE66F2}.Trace|Mixed Platforms.ActiveCfg = Release|Any CPU
		{8A87AE45-80C0-4B60-A352-1422D8DE66F2}.Trace|Mixed Platforms.Build.0 = Release|Any CPU
		{8A87AE45-80C0-4B60-A352-1422D8DE66F2}.Trace|Win32.ActiveCfg = Release|Any CPU
		{8A87AE45-80C0-4B60-A352-1422D8DE66F2}.Trace|x86.ActiveCfg = Release|Any CPU
		{49F6B357-35AE-498A-9E5A-67AA62A327C6}.Debug|Any CPU.ActiveCfg = Debug|Any CPU
		{49F6B357-35AE-498A-9E5A-67AA62A327C6}.Debug|Any CPU.Build.0 = Debug|Any CPU
		{49F6B357-35AE-498A-9E5A-67AA62A327C6}.Debug|Mixed Platforms.ActiveCfg = Debug|Any CPU
		{49F6B357-35AE-498A-9E5A-67AA62A327C6}.Debug|Mixed Platforms.Build.0 = Debug|Any CPU
		{49F6B357-35AE-498A-9E5A-67AA62A327C6}.Debug|Win32.ActiveCfg = Debug|Any CPU
		{49F6B357-35AE-498A-9E5A-67AA62A327C6}.Debug|x86.ActiveCfg = Debug|Any CPU
		{49F6B357-35AE-498A-9E5A-67AA62A327C6}.Release|Any CPU.ActiveCfg = Release|Any CPU
		{49F6B357-35AE-498A-9E5A-67AA62A327C6}.Release|Any CPU.Build.0 = Release|Any CPU
		{49F6B357-35AE-498A-9E5A-67AA62A327C6}.Release|Mixed Platforms.ActiveCfg = Release|Any CPU
		{49F6B357-35AE-498A-9E5A-67AA62A327C6}.Release|Mixed Platforms.Build.0 = Release|Any CPU
		{49F6B357-35AE-498A-9E5A-67AA62A327C6}.Release|Win32.ActiveCfg = Release|Any CPU
		{49F6B357-35AE-498A-9E5A-67AA62A327C6}.Release|x86.ActiveCfg = Release|Any CPU
		{49F6B357-35AE-498A-9E5A-67AA62A327C6}.Trace|Any CPU.ActiveCfg = Release|Any CPU
		{49F6B357-35AE-498A-9E5A-67AA62A327C6}.Trace|Any CPU.Build.0 = Release|Any CPU
		{49F6B357-35AE-498A-9E5A-67AA62A327C6}.Trace|Mixed Platforms.ActiveCfg = Release|Any CPU
		{49F6B357-35AE-498A-9E5A-67AA62A327C6}.Trace|Mixed Platforms.Build.0 = Release|Any CPU
		{49F6B357-35AE-498A-9E5A-67AA62A327C6}.Trace|Win32.ActiveCfg = Release|Any CPU
		{49F6B357-35AE-498A-9E5A-67AA62A327C6}.Trace|x86.ActiveCfg = Release|Any CPU
		{6B08F2EC-28FF-4444-BC3E-7B3CD18DE593}.Debug|Any CPU.ActiveCfg = Debug|Any CPU
		{6B08F2EC-28FF-4444-BC3E-7B3CD18DE593}.Debug|Any CPU.Build.0 = Debug|Any CPU
		{6B08F2EC-28FF-4444-BC3E-7B3CD18DE593}.Debug|Mixed Platforms.ActiveCfg = Debug|Any CPU
		{6B08F2EC-28FF-4444-BC3E-7B3CD18DE593}.Debug|Mixed Platforms.Build.0 = Debug|Any CPU
		{6B08F2EC-28FF-4444-BC3E-7B3CD18DE593}.Debug|Win32.ActiveCfg = Debug|Any CPU
		{6B08F2EC-28FF-4444-BC3E-7B3CD18DE593}.Debug|x86.ActiveCfg = Debug|Any CPU
		{6B08F2EC-28FF-4444-BC3E-7B3CD18DE593}.Release|Any CPU.ActiveCfg = Release|Any CPU
		{6B08F2EC-28FF-4444-BC3E-7B3CD18DE593}.Release|Any CPU.Build.0 = Release|Any CPU
		{6B08F2EC-28FF-4444-BC3E-7B3CD18DE593}.Release|Mixed Platforms.ActiveCfg = Release|Any CPU
		{6B08F2EC-28FF-4444-BC3E-7B3CD18DE593}.Release|Mixed Platforms.Build.0 = Release|Any CPU
		{6B08F2EC-28FF-4444-BC3E-7B3CD18DE593}.Release|Win32.ActiveCfg = Release|Any CPU
		{6B08F2EC-28FF-4444-BC3E-7B3CD18DE593}.Release|x86.ActiveCfg = Release|Any CPU
		{6B08F2EC-28FF-4444-BC3E-7B3CD18DE593}.Trace|Any CPU.ActiveCfg = Release|Any CPU
		{6B08F2EC-28FF-4444-BC3E-7B3CD18DE593}.Trace|Any CPU.Build.0 = Release|Any CPU
		{6B08F2EC-28FF-4444-BC3E-7B3CD18DE593}.Trace|Mixed Platforms.ActiveCfg = Release|Any CPU
		{6B08F2EC-28FF-4444-BC3E-7B3CD18DE593}.Trace|Mixed Platforms.Build.0 = Release|Any CPU
		{6B08F2EC-28FF-4444-BC3E-7B3CD18DE593}.Trace|Win32.ActiveCfg = Release|Any CPU
		{6B08F2EC-28FF-4444-BC3E-7B3CD18DE593}.Trace|x86.ActiveCfg = Release|Any CPU
		{AF2903E9-8282-4121-B7FD-3F37F2C50A1C}.Debug|Any CPU.ActiveCfg = Debug|Any CPU
		{AF2903E9-8282-4121-B7FD-3F37F2C50A1C}.Debug|Any CPU.Build.0 = Debug|Any CPU
		{AF2903E9-8282-4121-B7FD-3F37F2C50A1C}.Debug|Mixed Platforms.ActiveCfg = Debug|Any CPU
		{AF2903E9-8282-4121-B7FD-3F37F2C50A1C}.Debug|Mixed Platforms.Build.0 = Debug|Any CPU
		{AF2903E9-8282-4121-B7FD-3F37F2C50A1C}.Debug|Win32.ActiveCfg = Debug|Any CPU
		{AF2903E9-8282-4121-B7FD-3F37F2C50A1C}.Debug|x86.ActiveCfg = Debug|Any CPU
		{AF2903E9-8282-4121-B7FD-3F37F2C50A1C}.Release|Any CPU.ActiveCfg = Release|Any CPU
		{AF2903E9-8282-4121-B7FD-3F37F2C50A1C}.Release|Any CPU.Build.0 = Release|Any CPU
		{AF2903E9-8282-4121-B7FD-3F37F2C50A1C}.Release|Mixed Platforms.ActiveCfg = Release|Any CPU
		{AF2903E9-8282-4121-B7FD-3F37F2C50A1C}.Release|Mixed Platforms.Build.0 = Release|Any CPU
		{AF2903E9-8282-4121-B7FD-3F37F2C50A1C}.Release|Win32.ActiveCfg = Release|Any CPU
		{AF2903E9-8282-4121-B7FD-3F37F2C50A1C}.Release|x86.ActiveCfg = Release|Any CPU
		{AF2903E9-8282-4121-B7FD-3F37F2C50A1C}.Trace|Any CPU.ActiveCfg = Release|Any CPU
		{AF2903E9-8282-4121-B7FD-3F37F2C50A1C}.Trace|Any CPU.Build.0 = Release|Any CPU
		{AF2903E9-8282-4121-B7FD-3F37F2C50A1C}.Trace|Mixed Platforms.ActiveCfg = Release|Any CPU
		{AF2903E9-8282-4121-B7FD-3F37F2C50A1C}.Trace|Mixed Platforms.Build.0 = Release|Any CPU
		{AF2903E9-8282-4121-B7FD-3F37F2C50A1C}.Trace|Win32.ActiveCfg = Release|Any CPU
		{AF2903E9-8282-4121-B7FD-3F37F2C50A1C}.Trace|x86.ActiveCfg = Release|Any CPU
		{F152F23B-CF41-442D-B79C-8DD055D0DE86}.Debug|Any CPU.ActiveCfg = Debug|Any CPU
		{F152F23B-CF41-442D-B79C-8DD055D0DE86}.Debug|Any CPU.Build.0 = Debug|Any CPU
		{F152F23B-CF41-442D-B79C-8DD055D0DE86}.Debug|Mixed Platforms.ActiveCfg = Debug|Any CPU
		{F152F23B-CF41-442D-B79C-8DD055D0DE86}.Debug|Mixed Platforms.Build.0 = Debug|Any CPU
		{F152F23B-CF41-442D-B79C-8DD055D0DE86}.Debug|Win32.ActiveCfg = Debug|Any CPU
		{F152F23B-CF41-442D-B79C-8DD055D0DE86}.Debug|x86.ActiveCfg = Debug|Any CPU
		{F152F23B-CF41-442D-B79C-8DD055D0DE86}.Release|Any CPU.ActiveCfg = Release|Any CPU
		{F152F23B-CF41-442D-B79C-8DD055D0DE86}.Release|Any CPU.Build.0 = Release|Any CPU
		{F152F23B-CF41-442D-B79C-8DD055D0DE86}.Release|Mixed Platforms.ActiveCfg = Release|Any CPU
		{F152F23B-CF41-442D-B79C-8DD055D0DE86}.Release|Mixed Platforms.Build.0 = Release|Any CPU
		{F152F23B-CF41-442D-B79C-8DD055D0DE86}.Release|Win32.ActiveCfg = Release|Any CPU
		{F152F23B-CF41-442D-B79C-8DD055D0DE86}.Release|x86.ActiveCfg = Release|Any CPU
		{F152F23B-CF41-442D-B79C-8DD055D0DE86}.Trace|Any CPU.ActiveCfg = Release|Any CPU
		{F152F23B-CF41-442D-B79C-8DD055D0DE86}.Trace|Any CPU.Build.0 = Release|Any CPU
		{F152F23B-CF41-442D-B79C-8DD055D0DE86}.Trace|Mixed Platforms.ActiveCfg = Release|Any CPU
		{F152F23B-CF41-442D-B79C-8DD055D0DE86}.Trace|Mixed Platforms.Build.0 = Release|Any CPU
		{F152F23B-CF41-442D-B79C-8DD055D0DE86}.Trace|Win32.ActiveCfg = Release|Any CPU
		{F152F23B-CF41-442D-B79C-8DD055D0DE86}.Trace|x86.ActiveCfg = Release|Any CPU
		{AFAB9B58-A10C-40F4-B9CD-77816C329331}.Debug|Any CPU.ActiveCfg = Debug|Any CPU
		{AFAB9B58-A10C-40F4-B9CD-77816C329331}.Debug|Any CPU.Build.0 = Debug|Any CPU
		{AFAB9B58-A10C-40F4-B9CD-77816C329331}.Debug|Mixed Platforms.ActiveCfg = Debug|Any CPU
		{AFAB9B58-A10C-40F4-B9CD-77816C329331}.Debug|Mixed Platforms.Build.0 = Debug|Any CPU
		{AFAB9B58-A10C-40F4-B9CD-77816C329331}.Debug|Win32.ActiveCfg = Debug|Any CPU
		{AFAB9B58-A10C-40F4-B9CD-77816C329331}.Debug|x86.ActiveCfg = Debug|Any CPU
		{AFAB9B58-A10C-40F4-B9CD-77816C329331}.Release|Any CPU.ActiveCfg = Release|Any CPU
		{AFAB9B58-A10C-40F4-B9CD-77816C329331}.Release|Any CPU.Build.0 = Release|Any CPU
		{AFAB9B58-A10C-40F4-B9CD-77816C329331}.Release|Mixed Platforms.ActiveCfg = Release|Any CPU
		{AFAB9B58-A10C-40F4-B9CD-77816C329331}.Release|Mixed Platforms.Build.0 = Release|Any CPU
		{AFAB9B58-A10C-40F4-B9CD-77816C329331}.Release|Win32.ActiveCfg = Release|Any CPU
		{AFAB9B58-A10C-40F4-B9CD-77816C329331}.Release|x86.ActiveCfg = Release|Any CPU
		{AFAB9B58-A10C-40F4-B9CD-77816C329331}.Trace|Any CPU.ActiveCfg = Release|Any CPU
		{AFAB9B58-A10C-40F4-B9CD-77816C329331}.Trace|Any CPU.Build.0 = Release|Any CPU
		{AFAB9B58-A10C-40F4-B9CD-77816C329331}.Trace|Mixed Platforms.ActiveCfg = Release|Any CPU
		{AFAB9B58-A10C-40F4-B9CD-77816C329331}.Trace|Mixed Platforms.Build.0 = Release|Any CPU
		{AFAB9B58-A10C-40F4-B9CD-77816C329331}.Trace|Win32.ActiveCfg = Release|Any CPU
		{AFAB9B58-A10C-40F4-B9CD-77816C329331}.Trace|x86.ActiveCfg = Release|Any CPU
		{6E13BFAE-7BB2-4695-BC19-10D79542B218}.Debug|Any CPU.ActiveCfg = Debug|Any CPU
		{6E13BFAE-7BB2-4695-BC19-10D79542B218}.Debug|Any CPU.Build.0 = Debug|Any CPU
		{6E13BFAE-7BB2-4695-BC19-10D79542B218}.Debug|Mixed Platforms.ActiveCfg = Debug|Any CPU
		{6E13BFAE-7BB2-4695-BC19-10D79542B218}.Debug|Mixed Platforms.Build.0 = Debug|Any CPU
		{6E13BFAE-7BB2-4695-BC19-10D79542B218}.Debug|Win32.ActiveCfg = Debug|Any CPU
		{6E13BFAE-7BB2-4695-BC19-10D79542B218}.Debug|x86.ActiveCfg = Debug|Any CPU
		{6E13BFAE-7BB2-4695-BC19-10D79542B218}.Release|Any CPU.ActiveCfg = Release|Any CPU
		{6E13BFAE-7BB2-4695-BC19-10D79542B218}.Release|Any CPU.Build.0 = Release|Any CPU
		{6E13BFAE-7BB2-4695-BC19-10D79542B218}.Release|Mixed Platforms.ActiveCfg = Release|Any CPU
		{6E13BFAE-7BB2-4695-BC19-10D79542B218}.Release|Mixed Platforms.Build.0 = Release|Any CPU
		{6E13BFAE-7BB2-4695-BC19-10D79542B218}.Release|Win32.ActiveCfg = Release|Any CPU
		{6E13BFAE-7BB2-4695-BC19-10D79542B218}.Release|x86.ActiveCfg = Release|Any CPU
		{6E13BFAE-7BB2-4695-BC19-10D79542B218}.Trace|Any CPU.ActiveCfg = Release|Any CPU
		{6E13BFAE-7BB2-4695-BC19-10D79542B218}.Trace|Any CPU.Build.0 = Release|Any CPU
		{6E13BFAE-7BB2-4695-BC19-10D79542B218}.Trace|Mixed Platforms.ActiveCfg = Release|Any CPU
		{6E13BFAE-7BB2-4695-BC19-10D79542B218}.Trace|Mixed Platforms.Build.0 = Release|Any CPU
		{6E13BFAE-7BB2-4695-BC19-10D79542B218}.Trace|Win32.ActiveCfg = Release|Any CPU
		{6E13BFAE-7BB2-4695-BC19-10D79542B218}.Trace|x86.ActiveCfg = Release|Any CPU
	EndGlobalSection
	GlobalSection(SolutionProperties) = preSolution
		HideSolutionNode = FALSE
	EndGlobalSection
	GlobalSection(NestedProjects) = preSolution
		{4B155ADE-E14A-402D-89CB-2D4A85944BF3} = {259FAD47-32ED-41AE-B01C-3A008A1FCD36}
		{746FADF2-D613-4FFD-8551-2181ADAE3CD1} = {259FAD47-32ED-41AE-B01C-3A008A1FCD36}
		{9B217880-48AE-43B6-AE1F-DC732FCCBC7A} = {259FAD47-32ED-41AE-B01C-3A008A1FCD36}
		{C017FBBE-EF10-4030-A69E-204E766C8F9D} = {259FAD47-32ED-41AE-B01C-3A008A1FCD36}
		{26B46DD3-FF59-4701-BC09-1E793D05DBEE} = {259FAD47-32ED-41AE-B01C-3A008A1FCD36}
		{49F6B357-35AE-498A-9E5A-67AA62A327C6} = {259FAD47-32ED-41AE-B01C-3A008A1FCD36}
		{39D22442-0112-4487-900F-6A8984D8B5C7} = {B4CD6A57-E20A-4E6A-AE35-746EC03F8E43}
		{009AA81F-F97E-4593-A607-617F20D95C35} = {B4CD6A57-E20A-4E6A-AE35-746EC03F8E43}
		{EC469174-69AE-400B-8BCB-3365B8C81667} = {B4CD6A57-E20A-4E6A-AE35-746EC03F8E43}
		{8A87AE45-80C0-4B60-A352-1422D8DE66F2} = {B4CD6A57-E20A-4E6A-AE35-746EC03F8E43}
		{AF2903E9-8282-4121-B7FD-3F37F2C50A1C} = {B4CD6A57-E20A-4E6A-AE35-746EC03F8E43}
		{F152F23B-CF41-442D-B79C-8DD055D0DE86} = {B4CD6A57-E20A-4E6A-AE35-746EC03F8E43}
		{AFAB9B58-A10C-40F4-B9CD-77816C329331} = {B4CD6A57-E20A-4E6A-AE35-746EC03F8E43}
		{6E13BFAE-7BB2-4695-BC19-10D79542B218} = {B4CD6A57-E20A-4E6A-AE35-746EC03F8E43}
		{BE842BA8-54EF-4EF6-943D-667B2AA7D731} = {DACB216B-BD31-4290-B01F-7C301949AB1E}
		{3DF178F4-4F8E-493B-BD93-75B4C6E4660B} = {DACB216B-BD31-4290-B01F-7C301949AB1E}
		{1ED2F70F-882E-4E15-8604-AFA2E00F3A17} = {DACB216B-BD31-4290-B01F-7C301949AB1E}
		{4B9F7A26-0681-4A28-B5B5-DF41D2466B98} = {DACB216B-BD31-4290-B01F-7C301949AB1E}
		{619EB3AA-D266-45B9-A876-0C96A780C02E} = {DACB216B-BD31-4290-B01F-7C301949AB1E}
		{6B08F2EC-28FF-4444-BC3E-7B3CD18DE593} = {DACB216B-BD31-4290-B01F-7C301949AB1E}
	EndGlobalSection
	GlobalSection(Performance) = preSolution
		HasPerformanceSessions = true
	EndGlobalSection
EndGlobal
